# Generated by buf. DO NOT EDIT.
version: v1
deps:
  - remote: buf.build
    owner: sei-protocol
    repository: third-party
    commit: ec63a6f27ea04039953185599c21efc2
    digest: shake256:a4e513745f8b44d28ab1fe93e633424b8dc7f6275bcab228376fbf27b8dafc08360bcae8255c1d65339db5d4f38665273fa844302b6e048f992929dbdc919a5e
