{
  "name": "sei-chain-scripts",
  "lockfileVersion": 3,
  "requires": true,
  "packages": {
    "": {
      "name": "sei-chain-scripts",
      "version": "1.0.0",
      "private": true,
      "dependencies": {
        "ethers": "^6.13.1"
      },
      "devDependencies": {
        "jest": "^30.1.3",
        "tsx": "^4.15.5"
      }
    }
  }
}
