# Generated by buf. DO NOT EDIT.
version: v1
deps:
  - remote: buf.build
    owner: cosmos
    repository: cosmos-proto
    commit: 1935555c206d4afb9e94615dfd0fad31
    digest: shake256:c74d91a3ac7ae07d579e90eee33abf9b29664047ac8816500cf22c081fec0d72d62c89ce0bebafc1f6fec7aa5315be72606717740ca95007248425102c365377
  - remote: buf.build
    owner: cosmos
    repository: cosmos-sdk
    commit: a12828247088412292af47c7232aa5e3
    digest: shake256:0deca7ecbb30b9f28457b5d4d666bddc9d29d8575c8ca9afcaa7285a072cb52c9bc6ea67f05cc49f55e683d37eecb0d059a288a8c2911727a45577276d1f11cb
  - remote: buf.build
    owner: cosmos
    repository: gogo-proto
    commit: 5e5b9fdd01804356895f8f79a6f1ddc1
    digest: shake256:0b85da49e2e5f9ebc4806eae058e2f56096ff3b1c59d1fb7c190413dd15f45dd456f0b69ced9059341c80795d2b6c943de15b120a9e0308b499e43e4b5fc2952
  - remote: buf.build
    owner: googleapis
    repository: googleapis
    commit: 28151c0d0a1641bf938a7672c500e01d
    digest: shake256:49215edf8ef57f7863004539deff8834cfb2195113f0b890dd1f67815d9353e28e668019165b9d872395871eeafcbab3ccfdb2b5f11734d3cca95be9e8d139de
